
Microsoft Visual Studio Solution File, Format Version 12.00
# Visual Studio Version 17
VisualStudioVersion = 17.8.34330.188
MinimumVisualStudioVersion = 10.0.40219.1
Project("{FAE04EC0-301F-11D3-BF4B-00C04F79EFBC}") = "WebAppMVC", "WebAppMVC\WebAppMVC.csproj", "{C78F704F-CA17-4D71-A06D-D1F5DC4C8810}"
EndProject
Global
	GlobalSection(SolutionConfigurationPlatforms) = preSolution
		Debug|Any CPU = Debug|Any CPU
		Release|Any CPU = Release|Any CPU
	EndGlobalSection
	GlobalSection(ProjectConfigurationPlatforms) = postSolution
		{C78F704F-CA17-4D71-A06D-D1F5DC4C8810}.Debug|Any CPU.ActiveCfg = Debug|Any CPU
		{C78F704F-CA17-4D71-A06D-D1F5DC4C8810}.Debug|Any CPU.Build.0 = Debug|Any CPU
		{C78F704F-CA17-4D71-A06D-D1F5DC4C8810}.Release|Any CPU.ActiveCfg = Release|Any CPU
		{C78F704F-CA17-4D71-A06D-D1F5DC4C8810}.Release|Any CPU.Build.0 = Release|Any CPU
	EndGlobalSection
	GlobalSection(SolutionProperties) = preSolution
		HideSolutionNode = FALSE
	EndGlobalSection
	GlobalSection(ExtensibilityGlobals) = postSolution
		SolutionGuid = {FF749681-FB64-4BD0-998F-8112DB153DD8}
	EndGlobalSection
EndGlobal
